
Microsoft Visual Studio Solution File, Format Version 12.00
# Visual Studio Version 16
VisualStudioVersion = 16.0.31005.135
MinimumVisualStudioVersion = 10.0.40219.1
Project("{FAE04EC0-301F-11D3-BF4B-00C04F79EFBC}") = "Investment Application Stone", "Investment Application Stone\Investment Application Stone.csproj", "{C93FEF3A-E39A-4328-938B-AE619539867E}"
EndProject
Global
	GlobalSection(SolutionConfigurationPlatforms) = preSolution
		Debug|Any CPU = Debug|Any CPU
		Release|Any CPU = Release|Any CPU
	EndGlobalSection
	GlobalSection(ProjectConfigurationPlatforms) = postSolution
		{C93FEF3A-E39A-4328-938B-AE619539867E}.Debug|Any CPU.ActiveCfg = Debug|Any CPU
		{C93FEF3A-E39A-4328-938B-AE619539867E}.Debug|Any CPU.Build.0 = Debug|Any CPU
		{C93FEF3A-E39A-4328-938B-AE619539867E}.Release|Any CPU.ActiveCfg = Release|Any CPU
		{C93FEF3A-E39A-4328-938B-AE619539867E}.Release|Any CPU.Build.0 = Release|Any CPU
	EndGlobalSection
	GlobalSection(SolutionProperties) = preSolution
		HideSolutionNode = FALSE
	EndGlobalSection
	GlobalSection(ExtensibilityGlobals) = postSolution
		SolutionGuid = {5D6E1A51-C9BD-4A0F-B906-88243B9F39A8}
	EndGlobalSection
EndGlobal
